// !$*UTF8*$!
{
	archiveVersion = 1;
	classes = {
	};
	objectVersion = 56;
	objects = {

/* Begin PBXBuildFile section */
		E12087CB28989D6B0097DB09 /* HelloYdlApp.swift in Sources */ = {isa = PBXBuildFile; fileRef = E12087CA28989D6B0097DB09 /* HelloYdlApp.swift */; };
		E12087CD28989D6B0097DB09 /* ContentView.swift in Sources */ = {isa = PBXBuildFile; fileRef = E12087CC28989D6B0097DB09 /* ContentView.swift */; };
		E12087CF28989D6B0097DB09 /* Assets.xcassets in Resources */ = {isa = PBXBuildFile; fileRef = E12087CE28989D6B0097DB09 /* Assets.xcassets */; };
		E12087D228989D6B0097DB09 /* Preview Assets.xcassets in Resources */ = {isa = PBXBuildFile; fileRef = E12087D128989D6B0097DB09 /* Preview Assets.xcassets */; };
		E12087DC28989D6B0097DB09 /* HelloYdlTests.swift in Sources */ = {isa = PBXBuildFile; fileRef = E12087DB28989D6B0097DB09 /* HelloYdlTests.swift */; };
		E12087E628989D6B0097DB09 /* HelloYdlUITests.swift in Sources */ = {isa = PBXBuildFile; fileRef = E12087E528989D6B0097DB09 /* HelloYdlUITests.swift */; };
		E12087E828989D6B0097DB09 /* HelloYdlUITestsLaunchTests.swift in Sources */ = {isa = PBXBuildFile; fileRef = E12087E728989D6B0097DB09 /* HelloYdlUITestsLaunchTests.swift */; };
		E12087F62898A0140097DB09 /* YoutubeDL in Frameworks */ = {isa = PBXBuildFile; productRef = E12087F52898A0140097DB09 /* YoutubeDL */; };
/* End PBXBuildFile section */

/* Begin PBXContainerItemProxy section */
		E12087D828989D6B0097DB09 /* PBXContainerItemProxy */ = {
			isa = PBXContainerItemProxy;
			containerPortal = E12087BF28989D6B0097DB09 /* Project object */;
			proxyType = 1;
			remoteGlobalIDString = E12087C628989D6B0097DB09;
			remoteInfo = HelloYdl;
		};
		E12087E228989D6B0097DB09 /* PBXContainerItemProxy */ = {
			isa = PBXContainerItemProxy;
			containerPortal = E12087BF28989D6B0097DB09 /* Project object */;
			proxyType = 1;
			remoteGlobalIDString = E12087C628989D6B0097DB09;
			remoteInfo = HelloYdl;
		};
/* End PBXContainerItemProxy section */

/* Begin PBXFileReference section */
		E12087C728989D6B0097DB09 /* HelloYdl.app */ = {isa = PBXFileReference; explicitFileType = wrapper.application; includeInIndex = 0; path = HelloYdl.app; sourceTree = BUILT_PRODUCTS_DIR; };
		E12087CA28989D6B0097DB09 /* HelloYdlApp.swift */ = {isa = PBXFileReference; lastKnownFileType = sourcecode.swift; path = HelloYdlApp.swift; sourceTree = "<group>"; };
		E12087CC28989D6B0097DB09 /* ContentView.swift */ = {isa = PBXFileReference; lastKnownFileType = sourcecode.swift; path = ContentView.swift; sourceTree = "<group>"; };
		E12087CE28989D6B0097DB09 /* Assets.xcassets */ = {isa = PBXFileReference; lastKnownFileType = folder.assetcatalog; path = Assets.xcassets; sourceTree = "<group>"; };
		E12087D128989D6B0097DB09 /* Preview Assets.xcassets */ = {isa = PBXFileReference; lastKnownFileType = folder.assetcatalog; path = "Preview Assets.xcassets"; sourceTree = "<group>"; };
		E12087D728989D6B0097DB09 /* HelloYdlTests.xctest */ = {isa = PBXFileReference; explicitFileType = wrapper.cfbundle; includeInIndex = 0; path = HelloYdlTests.xctest; sourceTree = BUILT_PRODUCTS_DIR; };
		E12087DB28989D6B0097DB09 /* HelloYdlTests.swift */ = {isa = PBXFileReference; lastKnownFileType = sourcecode.swift; path = HelloYdlTests.swift; sourceTree = "<group>"; };
		E12087E128989D6B0097DB09 /* HelloYdlUITests.xctest */ = {isa = PBXFileReference; explicitFileType = wrapper.cfbundle; includeInIndex = 0; path = HelloYdlUITests.xctest; sourceTree = BUILT_PRODUCTS_DIR; };
		E12087E528989D6B0097DB09 /* HelloYdlUITests.swift */ = {isa = PBXFileReference; lastKnownFileType = sourcecode.swift; path = HelloYdlUITests.swift; sourceTree = "<group>"; };
		E12087E728989D6B0097DB09 /* HelloYdlUITestsLaunchTests.swift */ = {isa = PBXFileReference; lastKnownFileType = sourcecode.swift; path = HelloYdlUITestsLaunchTests.swift; sourceTree = "<group>"; };
/* End PBXFileReference section */

/* Begin PBXFrameworksBuildPhase section */
		E12087C428989D6B0097DB09 /* Frameworks */ = {
			isa = PBXFrameworksBuildPhase;
			buildActionMask = 2147483647;
			files = (
				E12087F62898A0140097DB09 /* YoutubeDL in Frameworks */,
			);
			runOnlyForDeploymentPostprocessing = 0;
		};
		E12087D428989D6B0097DB09 /* Frameworks */ = {
			isa = PBXFrameworksBuildPhase;
			buildActionMask = 2147483647;
			files = (
			);
			runOnlyForDeploymentPostprocessing = 0;
		};
		E12087DE28989D6B0097DB09 /* Frameworks */ = {
			isa = PBXFrameworksBuildPhase;
			buildActionMask = 2147483647;
			files = (
			);
			runOnlyForDeploymentPostprocessing = 0;
		};
/* End PBXFrameworksBuildPhase section */

/* Begin PBXGroup section */
		E12087BE28989D6B0097DB09 = {
			isa = PBXGroup;
			children = (
				E12087C928989D6B0097DB09 /* HelloYdl */,
				E12087DA28989D6B0097DB09 /* HelloYdlTests */,
				E12087E428989D6B0097DB09 /* HelloYdlUITests */,
				E12087C828989D6B0097DB09 /* Products */,
			);
			sourceTree = "<group>";
		};
		E12087C828989D6B0097DB09 /* Products */ = {
			isa = PBXGroup;
			children = (
				E12087C728989D6B0097DB09 /* HelloYdl.app */,
				E12087D728989D6B0097DB09 /* HelloYdlTests.xctest */,
				E12087E128989D6B0097DB09 /* HelloYdlUITests.xctest */,
			);
			name = Products;
			sourceTree = "<group>";
		};
		E12087C928989D6B0097DB09 /* HelloYdl */ = {
			isa = PBXGroup;
			children = (
				E12087CA28989D6B0097DB09 /* HelloYdlApp.swift */,
				E12087CC28989D6B0097DB09 /* ContentView.swift */,
				E12087CE28989D6B0097DB09 /* Assets.xcassets */,
				E12087D028989D6B0097DB09 /* Preview Content */,
			);
			path = HelloYdl;
			sourceTree = "<group>";
		};
		E12087D028989D6B0097DB09 /* Preview Content */ = {
			isa = PBXGroup;
			children = (
				E12087D128989D6B0097DB09 /* Preview Assets.xcassets */,
			);
			path = "Preview Content";
			sourceTree = "<group>";
		};
		E12087DA28989D6B0097DB09 /* HelloYdlTests */ = {
			isa = PBXGroup;
			children = (
				E12087DB28989D6B0097DB09 /* HelloYdlTests.swift */,
			);
			path = HelloYdlTests;
			sourceTree = "<group>";
		};
		E12087E428989D6B0097DB09 /* HelloYdlUITests */ = {
			isa = PBXGroup;
			children = (
				E12087E528989D6B0097DB09 /* HelloYdlUITests.swift */,
				E12087E728989D6B0097DB09 /* HelloYdlUITestsLaunchTests.swift */,
			);
			path = HelloYdlUITests;
			sourceTree = "<group>";
		};
/* End PBXGroup section */

/* Begin PBXNativeTarget section */
		E12087C628989D6B0097DB09 /* HelloYdl */ = {
			isa = PBXNativeTarget;
			buildConfigurationList = E12087EB28989D6B0097DB09 /* Build configuration list for PBXNativeTarget "HelloYdl" */;
			buildPhases = (
				E12087C328989D6B0097DB09 /* Sources */,
				E12087C428989D6B0097DB09 /* Frameworks */,
				E12087C528989D6B0097DB09 /* Resources */,
			);
			buildRules = (
			);
			dependencies = (
			);
			name = HelloYdl;
			packageProductDependencies = (
				E12087F52898A0140097DB09 /* YoutubeDL */,
			);
			productName = HelloYdl;
			productReference = E12087C728989D6B0097DB09 /* HelloYdl.app */;
			productType = "com.apple.product-type.application";
		};
		E12087D628989D6B0097DB09 /* HelloYdlTests */ = {
			isa = PBXNativeTarget;
			buildConfigurationList = E12087EE28989D6B0097DB09 /* Build configuration list for PBXNativeTarget "HelloYdlTests" */;
			buildPhases = (
				E12087D328989D6B0097DB09 /* Sources */,
				E12087D428989D6B0097DB09 /* Frameworks */,
				E12087D528989D6B0097DB09 /* Resources */,
			);
			buildRules = (
			);
			dependencies = (
				E12087D928989D6B0097DB09 /* PBXTargetDependency */,
			);
			name = HelloYdlTests;
			productName = HelloYdlTests;
			productReference = E12087D728989D6B0097DB09 /* HelloYdlTests.xctest */;
			productType = "com.apple.product-type.bundle.unit-test";
		};
		E12087E028989D6B0097DB09 /* HelloYdlUITests */ = {
			isa = PBXNativeTarget;
			buildConfigurationList = E12087F128989D6B0097DB09 /* Build configuration list for PBXNativeTarget "HelloYdlUITests" */;
			buildPhases = (
				E12087DD28989D6B0097DB09 /* Sources */,
				E12087DE28989D6B0097DB09 /* Frameworks */,
				E12087DF28989D6B0097DB09 /* Resources */,
			);
			buildRules = (
			);
			dependencies = (
				E12087E328989D6B0097DB09 /* PBXTargetDependency */,
			);
			name = HelloYdlUITests;
			productName = HelloYdlUITests;
			productReference = E12087E128989D6B0097DB09 /* HelloYdlUITests.xctest */;
			productType = "com.apple.product-type.bundle.ui-testing";
		};
/* End PBXNativeTarget section */

/* Begin PBXProject section */
		E12087BF28989D6B0097DB09 /* Project object */ = {
			isa = PBXProject;
			attributes = {
				BuildIndependentTargetsInParallel = 1;
				LastSwiftUpdateCheck = 1400;
				LastUpgradeCheck = 1400;
				TargetAttributes = {
					E12087C628989D6B0097DB09 = {
						CreatedOnToolsVersion = 14.0;
					};
					E12087D628989D6B0097DB09 = {
						CreatedOnToolsVersion = 14.0;
						TestTargetID = E12087C628989D6B0097DB09;
					};
					E12087E028989D6B0097DB09 = {
						CreatedOnToolsVersion = 14.0;
						TestTargetID = E12087C628989D6B0097DB09;
					};
				};
			};
			buildConfigurationList = E12087C228989D6B0097DB09 /* Build configuration list for PBXProject "HelloYdl" */;
			compatibilityVersion = "Xcode 14.0";
			developmentRegion = en;
			hasScannedForEncodings = 0;
			knownRegions = (
				en,
				Base,
			);
			mainGroup = E12087BE28989D6B0097DB09;
			packageReferences = (
				E12087F42898A0140097DB09 /* XCRemoteSwiftPackageReference "YoutubeDL-iOS" */,
			);
			productRefGroup = E12087C828989D6B0097DB09 /* Products */;
			projectDirPath = "";
			projectRoot = "";
			targets = (
				E12087C628989D6B0097DB09 /* HelloYdl */,
				E12087D628989D6B0097DB09 /* HelloYdlTests */,
				E12087E028989D6B0097DB09 /* HelloYdlUITests */,
			);
		};
/* End PBXProject section */

/* Begin PBXResourcesBuildPhase section */
		E12087C528989D6B0097DB09 /* Resources */ = {
			isa = PBXResourcesBuildPhase;
			buildActionMask = 2147483647;
			files = (
				E12087D228989D6B0097DB09 /* Preview Assets.xcassets in Resources */,
				E12087CF28989D6B0097DB09 /* Assets.xcassets in Resources */,
			);
			runOnlyForDeploymentPostprocessing = 0;
		};
		E12087D528989D6B0097DB09 /* Resources */ = {
			isa = PBXResourcesBuildPhase;
			buildActionMask = 2147483647;
			files = (
			);
			runOnlyForDeploymentPostprocessing = 0;
		};
		E12087DF28989D6B0097DB09 /* Resources */ = {
			isa = PBXResourcesBuildPhase;
			buildActionMask = 2147483647;
			files = (
			);
			runOnlyForDeploymentPostprocessing = 0;
		};
/* End PBXResourcesBuildPhase section */

/* Begin PBXSourcesBuildPhase section */
		E12087C328989D6B0097DB09 /* Sources */ = {
			isa = PBXSourcesBuildPhase;
			buildActionMask = 2147483647;
			files = (
				E12087CD28989D6B0097DB09 /* ContentView.swift in Sources */,
				E12087CB28989D6B0097DB09 /* HelloYdlApp.swift in Sources */,
			);
			runOnlyForDeploymentPostprocessing = 0;
		};
		E12087D328989D6B0097DB09 /* Sources */ = {
			isa = PBXSourcesBuildPhase;
			buildActionMask = 2147483647;
			files = (
				E12087DC28989D6B0097DB09 /* HelloYdlTests.swift in Sources */,
			);
			runOnlyForDeploymentPostprocessing = 0;
		};
		E12087DD28989D6B0097DB09 /* Sources */ = {
			isa = PBXSourcesBuildPhase;
			buildActionMask = 2147483647;
			files = (
				E12087E828989D6B0097DB09 /* HelloYdlUITestsLaunchTests.swift in Sources */,
				E12087E628989D6B0097DB09 /* HelloYdlUITests.swift in Sources */,
			);
			runOnlyForDeploymentPostprocessing = 0;
		};
/* End PBXSourcesBuildPhase section */

/* Begin PBXTargetDependency section */
		E12087D928989D6B0097DB09 /* PBXTargetDependency */ = {
			isa = PBXTargetDependency;
			target = E12087C628989D6B0097DB09 /* HelloYdl */;
			targetProxy = E12087D828989D6B0097DB09 /* PBXContainerItemProxy */;
		};
		E12087E328989D6B0097DB09 /* PBXTargetDependency */ = {
			isa = PBXTargetDependency;
			target = E12087C628989D6B0097DB09 /* HelloYdl */;
			targetProxy = E12087E228989D6B0097DB09 /* PBXContainerItemProxy */;
		};
/* End PBXTargetDependency section */

/* Begin XCBuildConfiguration section */
		E12087E928989D6B0097DB09 /* Debug */ = {
			isa = XCBuildConfiguration;
			buildSettings = {
				ALWAYS_SEARCH_USER_PATHS = NO;
				CLANG_ANALYZER_NONNULL = YES;
				CLANG_ANALYZER_NUMBER_OBJECT_CONVERSION = YES_AGGRESSIVE;
				CLANG_CXX_LANGUAGE_STANDARD = "gnu++20";
				CLANG_ENABLE_MODULES = YES;
				CLANG_ENABLE_OBJC_ARC = YES;
				CLANG_ENABLE_OBJC_WEAK = YES;
				CLANG_WARN_BLOCK_CAPTURE_AUTORELEASING = YES;
				CLANG_WARN_BOOL_CONVERSION = YES;
				CLANG_WARN_COMMA = YES;
				CLANG_WARN_CONSTANT_CONVERSION = YES;
				CLANG_WARN_DEPRECATED_OBJC_IMPLEMENTATIONS = YES;
				CLANG_WARN_DIRECT_OBJC_ISA_USAGE = YES_ERROR;
				CLANG_WARN_DOCUMENTATION_COMMENTS = YES;
				CLANG_WARN_EMPTY_BODY = YES;
				CLANG_WARN_ENUM_CONVERSION = YES;
				CLANG_WARN_INFINITE_RECURSION = YES;
				CLANG_WARN_INT_CONVERSION = YES;
				CLANG_WARN_NON_LITERAL_NULL_CONVERSION = YES;
				CLANG_WARN_OBJC_IMPLICIT_RETAIN_SELF = YES;
				CLANG_WARN_OBJC_LITERAL_CONVERSION = YES;
				CLANG_WARN_OBJC_ROOT_CLASS = YES_ERROR;
				CLANG_WARN_QUOTED_INCLUDE_IN_FRAMEWORK_HEADER = YES;
				CLANG_WARN_RANGE_LOOP_ANALYSIS = YES;
				CLANG_WARN_STRICT_PROTOTYPES = YES;
				CLANG_WARN_SUSPICIOUS_MOVE = YES;
				CLANG_WARN_UNGUARDED_AVAILABILITY = YES_AGGRESSIVE;
				CLANG_WARN_UNREACHABLE_CODE = YES;
				CLANG_WARN__DUPLICATE_METHOD_MATCH = YES;
				COPY_PHASE_STRIP = NO;
				DEBUG_INFORMATION_FORMAT = dwarf;
				ENABLE_STRICT_OBJC_MSGSEND = YES;
				ENABLE_TESTABILITY = YES;
				GCC_C_LANGUAGE_STANDARD = gnu11;
				GCC_DYNAMIC_NO_PIC = NO;
				GCC_NO_COMMON_BLOCKS = YES;
				GCC_OPTIMIZATION_LEVEL = 0;
				GCC_PREPROCESSOR_DEFINITIONS = (
					"DEBUG=1",
					"$(inherited)",
				);
				GCC_WARN_64_TO_32_BIT_CONVERSION = YES;
				GCC_WARN_ABOUT_RETURN_TYPE = YES_ERROR;
				GCC_WARN_UNDECLARED_SELECTOR = YES;
				GCC_WARN_UNINITIALIZED_AUTOS = YES_AGGRESSIVE;
				GCC_WARN_UNUSED_FUNCTION = YES;
				GCC_WARN_UNUSED_VARIABLE = YES;
				IPHONEOS_DEPLOYMENT_TARGET = 16.0;
				MTL_ENABLE_DEBUG_INFO = INCLUDE_SOURCE;
				MTL_FAST_MATH = YES;
				ONLY_ACTIVE_ARCH = YES;
				SDKROOT = iphoneos;
				SWIFT_ACTIVE_COMPILATION_CONDITIONS = DEBUG;
				SWIFT_OPTIMIZATION_LEVEL = "-Onone";
			};
			name = Debug;
		};
		E12087EA28989D6B0097DB09 /* Release */ = {
			isa = XCBuildConfiguration;
			buildSettings = {
				ALWAYS_SEARCH_USER_PATHS = NO;
				CLANG_ANALYZER_NONNULL = YES;
				CLANG_ANALYZER_NUMBER_OBJECT_CONVERSION = YES_AGGRESSIVE;
				CLANG_CXX_LANGUAGE_STANDARD = "gnu++20";
				CLANG_ENABLE_MODULES = YES;
				CLANG_ENABLE_OBJC_ARC = YES;
				CLANG_ENABLE_OBJC_WEAK = YES;
				CLANG_WARN_BLOCK_CAPTURE_AUTORELEASING = YES;
				CLANG_WARN_BOOL_CONVERSION = YES;
				CLANG_WARN_COMMA = YES;
				CLANG_WARN_CONSTANT_CONVERSION = YES;
				CLANG_WARN_DEPRECATED_OBJC_IMPLEMENTATIONS = YES;
				CLANG_WARN_DIRECT_OBJC_ISA_USAGE = YES_ERROR;
				CLANG_WARN_DOCUMENTATION_COMMENTS = YES;
				CLANG_WARN_EMPTY_BODY = YES;
				CLANG_WARN_ENUM_CONVERSION = YES;
				CLANG_WARN_INFINITE_RECURSION = YES;
				CLANG_WARN_INT_CONVERSION = YES;
				CLANG_WARN_NON_LITERAL_NULL_CONVERSION = YES;
				CLANG_WARN_OBJC_IMPLICIT_RETAIN_SELF = YES;
				CLANG_WARN_OBJC_LITERAL_CONVERSION = YES;
				CLANG_WARN_OBJC_ROOT_CLASS = YES_ERROR;
				CLANG_WARN_QUOTED_INCLUDE_IN_FRAMEWORK_HEADER = YES;
				CLANG_WARN_RANGE_LOOP_ANALYSIS = YES;
				CLANG_WARN_STRICT_PROTOTYPES = YES;
				CLANG_WARN_SUSPICIOUS_MOVE = YES;
				CLANG_WARN_UNGUARDED_AVAILABILITY = YES_AGGRESSIVE;
				CLANG_WARN_UNREACHABLE_CODE = YES;
				CLANG_WARN__DUPLICATE_METHOD_MATCH = YES;
				COPY_PHASE_STRIP = NO;
				DEBUG_INFORMATION_FORMAT = "dwarf-with-dsym";
				ENABLE_NS_ASSERTIONS = NO;
				ENABLE_STRICT_OBJC_MSGSEND = YES;
				GCC_C_LANGUAGE_STANDARD = gnu11;
				GCC_NO_COMMON_BLOCKS = YES;
				GCC_WARN_64_TO_32_BIT_CONVERSION = YES;
				GCC_WARN_ABOUT_RETURN_TYPE = YES_ERROR;
				GCC_WARN_UNDECLARED_SELECTOR = YES;
				GCC_WARN_UNINITIALIZED_AUTOS = YES_AGGRESSIVE;
				GCC_WARN_UNUSED_FUNCTION = YES;
				GCC_WARN_UNUSED_VARIABLE = YES;
				IPHONEOS_DEPLOYMENT_TARGET = 16.0;
				MTL_ENABLE_DEBUG_INFO = NO;
				MTL_FAST_MATH = YES;
				SDKROOT = iphoneos;
				SWIFT_COMPILATION_MODE = wholemodule;
				SWIFT_OPTIMIZATION_LEVEL = "-O";
				VALIDATE_PRODUCT = YES;
			};
			name = Release;
		};
		E12087EC28989D6B0097DB09 /* Debug */ = {
			isa = XCBuildConfiguration;
			buildSettings = {
				ASSETCATALOG_COMPILER_APPICON_NAME = AppIcon;
				ASSETCATALOG_COMPILER_GLOBAL_ACCENT_COLOR_NAME = AccentColor;
				CODE_SIGN_STYLE = Automatic;
				CURRENT_PROJECT_VERSION = 1;
				DEVELOPMENT_ASSET_PATHS = "\"HelloYdl/Preview Content\"";
				DEVELOPMENT_TEAM = LZ577RN3WF;
				ENABLE_PREVIEWS = YES;
				GENERATE_INFOPLIST_FILE = YES;
				INFOPLIST_KEY_UIApplicationSceneManifest_Generation = YES;
				INFOPLIST_KEY_UIApplicationSupportsIndirectInputEvents = YES;
				INFOPLIST_KEY_UILaunchScreen_Generation = YES;
				INFOPLIST_KEY_UISupportedInterfaceOrientations_iPad = "UIInterfaceOrientationPortrait UIInterfaceOrientationPortraitUpsideDown UIInterfaceOrientationLandscapeLeft UIInterfaceOrientationLandscapeRight";
				INFOPLIST_KEY_UISupportedInterfaceOrientations_iPhone = "UIInterfaceOrientationPortrait UIInterfaceOrientationLandscapeLeft UIInterfaceOrientationLandscapeRight";
				LD_RUNPATH_SEARCH_PATHS = (
					"$(inherited)",
					"@executable_path/Frameworks",
				);
				MARKETING_VERSION = 1.0;
				PRODUCT_BUNDLE_IDENTIFIER = io.github.kewlbear.HelloYdl;
				PRODUCT_NAME = "$(TARGET_NAME)";
				SWIFT_EMIT_LOC_STRINGS = YES;
				SWIFT_VERSION = 5.0;
				TARGETED_DEVICE_FAMILY = "1,2";
			};
			name = Debug;
		};
		E12087ED28989D6B0097DB09 /* Release */ = {
			isa = XCBuildConfiguration;
			buildSettings = {
				ASSETCATALOG_COMPILER_APPICON_NAME = AppIcon;
				ASSETCATALOG_COMPILER_GLOBAL_ACCENT_COLOR_NAME = AccentColor;
				CODE_SIGN_STYLE = Automatic;
				CURRENT_PROJECT_VERSION = 1;
				DEVELOPMENT_ASSET_PATHS = "\"HelloYdl/Preview Content\"";
				DEVELOPMENT_TEAM = LZ577RN3WF;
				ENABLE_PREVIEWS = YES;
				GENERATE_INFOPLIST_FILE = YES;
				INFOPLIST_KEY_UIApplicationSceneManifest_Generation = YES;
				INFOPLIST_KEY_UIApplicationSupportsIndirectInputEvents = YES;
				INFOPLIST_KEY_UILaunchScreen_Generation = YES;
				INFOPLIST_KEY_UISupportedInterfaceOrientations_iPad = "UIInterfaceOrientationPortrait UIInterfaceOrientationPortraitUpsideDown UIInterfaceOrientationLandscapeLeft UIInterfaceOrientationLandscapeRight";
				INFOPLIST_KEY_UISupportedInterfaceOrientations_iPhone = "UIInterfaceOrientationPortrait UIInterfaceOrientationLandscapeLeft UIInterfaceOrientationLandscapeRight";
				LD_RUNPATH_SEARCH_PATHS = (
					"$(inherited)",
					"@executable_path/Frameworks",
				);
				MARKETING_VERSION = 1.0;
				PRODUCT_BUNDLE_IDENTIFIER = io.github.kewlbear.HelloYdl;
				PRODUCT_NAME = "$(TARGET_NAME)";
				SWIFT_EMIT_LOC_STRINGS = YES;
				SWIFT_VERSION = 5.0;
				TARGETED_DEVICE_FAMILY = "1,2";
			};
			name = Release;
		};
		E12087EF28989D6B0097DB09 /* Debug */ = {
			isa = XCBuildConfiguration;
			buildSettings = {
				ALWAYS_EMBED_SWIFT_STANDARD_LIBRARIES = YES;
				BUNDLE_LOADER = "$(TEST_HOST)";
				CODE_SIGN_STYLE = Automatic;
				CURRENT_PROJECT_VERSION = 1;
				GENERATE_INFOPLIST_FILE = YES;
				IPHONEOS_DEPLOYMENT_TARGET = 16.0;
				MARKETING_VERSION = 1.0;
				PRODUCT_BUNDLE_IDENTIFIER = io.github.kewlbear.HelloYdlTests;
				PRODUCT_NAME = "$(TARGET_NAME)";
				SWIFT_EMIT_LOC_STRINGS = NO;
				SWIFT_VERSION = 5.0;
				TARGETED_DEVICE_FAMILY = "1,2";
				TEST_HOST = "$(BUILT_PRODUCTS_DIR)/HelloYdl.app/$(BUNDLE_EXECUTABLE_FOLDER_PATH)/HelloYdl";
			};
			name = Debug;
		};
		E12087F028989D6B0097DB09 /* Release */ = {
			isa = XCBuildConfiguration;
			buildSettings = {
				ALWAYS_EMBED_SWIFT_STANDARD_LIBRARIES = YES;
				BUNDLE_LOADER = "$(TEST_HOST)";
				CODE_SIGN_STYLE = Automatic;
				CURRENT_PROJECT_VERSION = 1;
				GENERATE_INFOPLIST_FILE = YES;
				IPHONEOS_DEPLOYMENT_TARGET = 16.0;
				MARKETING_VERSION = 1.0;
				PRODUCT_BUNDLE_IDENTIFIER = io.github.kewlbear.HelloYdlTests;
				PRODUCT_NAME = "$(TARGET_NAME)";
				SWIFT_EMIT_LOC_STRINGS = NO;
				SWIFT_VERSION = 5.0;
				TARGETED_DEVICE_FAMILY = "1,2";
				TEST_HOST = "$(BUILT_PRODUCTS_DIR)/HelloYdl.app/$(BUNDLE_EXECUTABLE_FOLDER_PATH)/HelloYdl";
			};
			name = Release;
		};
		E12087F228989D6B0097DB09 /* Debug */ = {
			isa = XCBuildConfiguration;
			buildSettings = {
				ALWAYS_EMBED_SWIFT_STANDARD_LIBRARIES = YES;
				CODE_SIGN_STYLE = Automatic;
				CURRENT_PROJECT_VERSION = 1;
				GENERATE_INFOPLIST_FILE = YES;
				MARKETING_VERSION = 1.0;
				PRODUCT_BUNDLE_IDENTIFIER = io.github.kewlbear.HelloYdlUITests;
				PRODUCT_NAME = "$(TARGET_NAME)";
				SWIFT_EMIT_LOC_STRINGS = NO;
				SWIFT_VERSION = 5.0;
				TARGETED_DEVICE_FAMILY = "1,2";
				TEST_TARGET_NAME = HelloYdl;
			};
			name = Debug;
		};
		E12087F328989D6B0097DB09 /* Release */ = {
			isa = XCBuildConfiguration;
			buildSettings = {
				ALWAYS_EMBED_SWIFT_STANDARD_LIBRARIES = YES;
				CODE_SIGN_STYLE = Automatic;
				CURRENT_PROJECT_VERSION = 1;
				GENERATE_INFOPLIST_FILE = YES;
				MARKETING_VERSION = 1.0;
				PRODUCT_BUNDLE_IDENTIFIER = io.github.kewlbear.HelloYdlUITests;
				PRODUCT_NAME = "$(TARGET_NAME)";
				SWIFT_EMIT_LOC_STRINGS = NO;
				SWIFT_VERSION = 5.0;
				TARGETED_DEVICE_FAMILY = "1,2";
				TEST_TARGET_NAME = HelloYdl;
			};
			name = Release;
		};
/* End XCBuildConfiguration section */

/* Begin XCConfigurationList section */
		E12087C228989D6B0097DB09 /* Build configuration list for PBXProject "HelloYdl" */ = {
			isa = XCConfigurationList;
			buildConfigurations = (
				E12087E928989D6B0097DB09 /* Debug */,
				E12087EA28989D6B0097DB09 /* Release */,
			);
			defaultConfigurationIsVisible = 0;
			defaultConfigurationName = Release;
		};
		E12087EB28989D6B0097DB09 /* Build configuration list for PBXNativeTarget "HelloYdl" */ = {
			isa = XCConfigurationList;
			buildConfigurations = (
				E12087EC28989D6B0097DB09 /* Debug */,
				E12087ED28989D6B0097DB09 /* Release */,
			);
			defaultConfigurationIsVisible = 0;
			defaultConfigurationName = Release;
		};
		E12087EE28989D6B0097DB09 /* Build configuration list for PBXNativeTarget "HelloYdlTests" */ = {
			isa = XCConfigurationList;
			buildConfigurations = (
				E12087EF28989D6B0097DB09 /* Debug */,
				E12087F028989D6B0097DB09 /* Release */,
			);
			defaultConfigurationIsVisible = 0;
			defaultConfigurationName = Release;
		};
		E12087F128989D6B0097DB09 /* Build configuration list for PBXNativeTarget "HelloYdlUITests" */ = {
			isa = XCConfigurationList;
			buildConfigurations = (
				E12087F228989D6B0097DB09 /* Debug */,
				E12087F328989D6B0097DB09 /* Release */,
			);
			defaultConfigurationIsVisible = 0;
			defaultConfigurationName = Release;
		};
/* End XCConfigurationList section */

/* Begin XCRemoteSwiftPackageReference section */
		E12087F42898A0140097DB09 /* XCRemoteSwiftPackageReference "YoutubeDL-iOS" */ = {
			isa = XCRemoteSwiftPackageReference;
			repositoryURL = "https://github.com/kewlbear/YoutubeDL-iOS.git";
			requirement = {
				branch = main;
				kind = branch;
			};
		};
/* End XCRemoteSwiftPackageReference section */

/* Begin XCSwiftPackageProductDependency section */
		E12087F52898A0140097DB09 /* YoutubeDL */ = {
			isa = XCSwiftPackageProductDependency;
			package = E12087F42898A0140097DB09 /* XCRemoteSwiftPackageReference "YoutubeDL-iOS" */;
			productName = YoutubeDL;
		};
/* End XCSwiftPackageProductDependency section */
	};
	rootObject = E12087BF28989D6B0097DB09 /* Project object */;
}
